// !$*UTF8*$!
{
	archiveVersion = 1;
	classes = {
	};
	objectVersion = 77;
	objects = {

/* Begin PBXBuildFile section */
		175A3BC12D2003DB00384527 /* DresSwiftClient in Frameworks */ = {isa = PBXBuildFile; productRef = 175A3BC02D2003DB00384527 /* DresSwiftClient */; };
		1799B85E2D196C8F0067FC9C /* RealityKitContent in Frameworks */ = {isa = PBXBuildFile; productRef = 1799B85D2D196C8F0067FC9C /* RealityKitContent */; };
		1799B87E2D196E420067FC9C /* FereLightSwiftClient in Frameworks */ = {isa = PBXBuildFile; productRef = 1799B87D2D196E420067FC9C /* FereLightSwiftClient */; };
		17FD7B072E0DA72400FDB304 /* Settings.bundle in Resources */ = {isa = PBXBuildFile; fileRef = 17FD7B062E0DA72400FDB304 /* Settings.bundle */; };
/* End PBXBuildFile section */

/* Begin PBXContainerItemProxy section */
		1799B86E2D196C950067FC9C /* PBXContainerItemProxy */ = {
			isa = PBXContainerItemProxy;
			containerPortal = 1799B8502D196C8F0067FC9C /* Project object */;
			proxyType = 1;
			remoteGlobalIDString = 1799B8572D196C8F0067FC9C;
			remoteInfo = "vitrivr-VR";
		};
/* End PBXContainerItemProxy section */

/* Begin PBXFileReference section */
		1799B8582D196C8F0067FC9C /* vitrivr-VR.app */ = {isa = PBXFileReference; explicitFileType = wrapper.application; includeInIndex = 0; path = "vitrivr-VR.app"; sourceTree = BUILT_PRODUCTS_DIR; };
		1799B85C2D196C8F0067FC9C /* RealityKitContent */ = {isa = PBXFileReference; lastKnownFileType = wrapper; path = RealityKitContent; sourceTree = "<group>"; };
		1799B86D2D196C950067FC9C /* vitrivr-VRTests.xctest */ = {isa = PBXFileReference; explicitFileType = wrapper.cfbundle; includeInIndex = 0; path = "vitrivr-VRTests.xctest"; sourceTree = BUILT_PRODUCTS_DIR; };
		17FD7B062E0DA72400FDB304 /* Settings.bundle */ = {isa = PBXFileReference; lastKnownFileType = "wrapper.plug-in"; path = Settings.bundle; sourceTree = "<group>"; };
/* End PBXFileReference section */

/* Begin PBXFileSystemSynchronizedBuildFileExceptionSet section */
		1799B8732D196C950067FC9C /* Exceptions for "vitrivr-VR" folder in "vitrivr-VR" target */ = {
			isa = PBXFileSystemSynchronizedBuildFileExceptionSet;
			membershipExceptions = (
				Info.plist,
			);
			target = 1799B8572D196C8F0067FC9C /* vitrivr-VR */;
		};
/* End PBXFileSystemSynchronizedBuildFileExceptionSet section */

/* Begin PBXFileSystemSynchronizedRootGroup section */
		1799B85A2D196C8F0067FC9C /* vitrivr-VR */ = {
			isa = PBXFileSystemSynchronizedRootGroup;
			exceptions = (
				1799B8732D196C950067FC9C /* Exceptions for "vitrivr-VR" folder in "vitrivr-VR" target */,
			);
			path = "vitrivr-VR";
			sourceTree = "<group>";
		};
		1799B8702D196C950067FC9C /* vitrivr-VRTests */ = {
			isa = PBXFileSystemSynchronizedRootGroup;
			path = "vitrivr-VRTests";
			sourceTree = "<group>";
		};
/* End PBXFileSystemSynchronizedRootGroup section */

/* Begin PBXFrameworksBuildPhase section */
		1799B8552D196C8F0067FC9C /* Frameworks */ = {
			isa = PBXFrameworksBuildPhase;
			buildActionMask = 2147483647;
			files = (
				1799B87E2D196E420067FC9C /* FereLightSwiftClient in Frameworks */,
				1799B85E2D196C8F0067FC9C /* RealityKitContent in Frameworks */,
				175A3BC12D2003DB00384527 /* DresSwiftClient in Frameworks */,
			);
			runOnlyForDeploymentPostprocessing = 0;
		};
		1799B86A2D196C950067FC9C /* Frameworks */ = {
			isa = PBXFrameworksBuildPhase;
			buildActionMask = 2147483647;
			files = (
			);
			runOnlyForDeploymentPostprocessing = 0;
		};
/* End PBXFrameworksBuildPhase section */

/* Begin PBXGroup section */
		1799B84F2D196C8F0067FC9C = {
			isa = PBXGroup;
			children = (
				17FD7B062E0DA72400FDB304 /* Settings.bundle */,
				1799B85A2D196C8F0067FC9C /* vitrivr-VR */,
				1799B85B2D196C8F0067FC9C /* Packages */,
				1799B8702D196C950067FC9C /* vitrivr-VRTests */,
				1799B8592D196C8F0067FC9C /* Products */,
			);
			sourceTree = "<group>";
		};
		1799B8592D196C8F0067FC9C /* Products */ = {
			isa = PBXGroup;
			children = (
				1799B8582D196C8F0067FC9C /* vitrivr-VR.app */,
				1799B86D2D196C950067FC9C /* vitrivr-VRTests.xctest */,
			);
			name = Products;
			sourceTree = "<group>";
		};
		1799B85B2D196C8F0067FC9C /* Packages */ = {
			isa = PBXGroup;
			children = (
				1799B85C2D196C8F0067FC9C /* RealityKitContent */,
			);
			path = Packages;
			sourceTree = "<group>";
		};
/* End PBXGroup section */

/* Begin PBXNativeTarget section */
		1799B8572D196C8F0067FC9C /* vitrivr-VR */ = {
			isa = PBXNativeTarget;
			buildConfigurationList = 1799B8742D196C950067FC9C /* Build configuration list for PBXNativeTarget "vitrivr-VR" */;
			buildPhases = (
				1799B8542D196C8F0067FC9C /* Sources */,
				1799B8552D196C8F0067FC9C /* Frameworks */,
				1799B8562D196C8F0067FC9C /* Resources */,
			);
			buildRules = (
			);
			dependencies = (
			);
			fileSystemSynchronizedGroups = (
				1799B85A2D196C8F0067FC9C /* vitrivr-VR */,
			);
			name = "vitrivr-VR";
			packageProductDependencies = (
				1799B85D2D196C8F0067FC9C /* RealityKitContent */,
				1799B87D2D196E420067FC9C /* FereLightSwiftClient */,
				175A3BC02D2003DB00384527 /* DresSwiftClient */,
			);
			productName = "vitrivr-VR";
			productReference = 1799B8582D196C8F0067FC9C /* vitrivr-VR.app */;
			productType = "com.apple.product-type.application";
		};
		1799B86C2D196C950067FC9C /* vitrivr-VRTests */ = {
			isa = PBXNativeTarget;
			buildConfigurationList = 1799B8792D196C950067FC9C /* Build configuration list for PBXNativeTarget "vitrivr-VRTests" */;
			buildPhases = (
				1799B8692D196C950067FC9C /* Sources */,
				1799B86A2D196C950067FC9C /* Frameworks */,
				1799B86B2D196C950067FC9C /* Resources */,
			);
			buildRules = (
			);
			dependencies = (
				1799B86F2D196C950067FC9C /* PBXTargetDependency */,
			);
			fileSystemSynchronizedGroups = (
				1799B8702D196C950067FC9C /* vitrivr-VRTests */,
			);
			name = "vitrivr-VRTests";
			packageProductDependencies = (
			);
			productName = "vitrivr-VRTests";
			productReference = 1799B86D2D196C950067FC9C /* vitrivr-VRTests.xctest */;
			productType = "com.apple.product-type.bundle.unit-test";
		};
/* End PBXNativeTarget section */

/* Begin PBXProject section */
		1799B8502D196C8F0067FC9C /* Project object */ = {
			isa = PBXProject;
			attributes = {
				BuildIndependentTargetsInParallel = 1;
				LastSwiftUpdateCheck = 1620;
				LastUpgradeCheck = 1640;
				TargetAttributes = {
					1799B8572D196C8F0067FC9C = {
						CreatedOnToolsVersion = 16.2;
					};
					1799B86C2D196C950067FC9C = {
						CreatedOnToolsVersion = 16.2;
						TestTargetID = 1799B8572D196C8F0067FC9C;
					};
				};
			};
			buildConfigurationList = 1799B8532D196C8F0067FC9C /* Build configuration list for PBXProject "vitrivr-VR" */;
			developmentRegion = en;
			hasScannedForEncodings = 0;
			knownRegions = (
				en,
				Base,
			);
			mainGroup = 1799B84F2D196C8F0067FC9C;
			minimizedProjectReferenceProxies = 1;
			packageReferences = (
				1799B87C2D196E420067FC9C /* XCRemoteSwiftPackageReference "ferelight-swift-client" */,
				175A3BBF2D2003DB00384527 /* XCRemoteSwiftPackageReference "dres-swift-client" */,
			);
			preferredProjectObjectVersion = 77;
			productRefGroup = 1799B8592D196C8F0067FC9C /* Products */;
			projectDirPath = "";
			projectRoot = "";
			targets = (
				1799B8572D196C8F0067FC9C /* vitrivr-VR */,
				1799B86C2D196C950067FC9C /* vitrivr-VRTests */,
			);
		};
/* End PBXProject section */

/* Begin PBXResourcesBuildPhase section */
		1799B8562D196C8F0067FC9C /* Resources */ = {
			isa = PBXResourcesBuildPhase;
			buildActionMask = 2147483647;
			files = (
				17FD7B072E0DA72400FDB304 /* Settings.bundle in Resources */,
			);
			runOnlyForDeploymentPostprocessing = 0;
		};
		1799B86B2D196C950067FC9C /* Resources */ = {
			isa = PBXResourcesBuildPhase;
			buildActionMask = 2147483647;
			files = (
			);
			runOnlyForDeploymentPostprocessing = 0;
		};
/* End PBXResourcesBuildPhase section */

/* Begin PBXSourcesBuildPhase section */
		1799B8542D196C8F0067FC9C /* Sources */ = {
			isa = PBXSourcesBuildPhase;
			buildActionMask = 2147483647;
			files = (
			);
			runOnlyForDeploymentPostprocessing = 0;
		};
		1799B8692D196C950067FC9C /* Sources */ = {
			isa = PBXSourcesBuildPhase;
			buildActionMask = 2147483647;
			files = (
			);
			runOnlyForDeploymentPostprocessing = 0;
		};
/* End PBXSourcesBuildPhase section */

/* Begin PBXTargetDependency section */
		1799B86F2D196C950067FC9C /* PBXTargetDependency */ = {
			isa = PBXTargetDependency;
			target = 1799B8572D196C8F0067FC9C /* vitrivr-VR */;
			targetProxy = 1799B86E2D196C950067FC9C /* PBXContainerItemProxy */;
		};
/* End PBXTargetDependency section */

/* Begin XCBuildConfiguration section */
		1799B8752D196C950067FC9C /* Debug */ = {
			isa = XCBuildConfiguration;
			buildSettings = {
				ASSETCATALOG_COMPILER_APPICON_NAME = AppIcon;
				ASSETCATALOG_COMPILER_GLOBAL_ACCENT_COLOR_NAME = AccentColor;
				CODE_SIGN_STYLE = Automatic;
				CURRENT_PROJECT_VERSION = 1;
				DEVELOPMENT_ASSET_PATHS = "\"vitrivr-VR/Preview Content\"";
				ENABLE_PREVIEWS = YES;
				GENERATE_INFOPLIST_FILE = YES;
				INFOPLIST_FILE = "$(TARGET_NAME)/Info.plist";
				LD_RUNPATH_SEARCH_PATHS = (
					"$(inherited)",
					"@executable_path/Frameworks",
				);
				MARKETING_VERSION = 1.0;
				PRODUCT_BUNDLE_IDENTIFIER = "com.florianspiess.vitrivr-VR";
				PRODUCT_NAME = "$(TARGET_NAME)";
				SUPPORTED_PLATFORMS = "xros xrsimulator";
				SWIFT_EMIT_LOC_STRINGS = YES;
				SWIFT_VERSION = 5.0;
				TARGETED_DEVICE_FAMILY = 7;
			};
			name = Debug;
		};
		1799B8762D196C950067FC9C /* Release */ = {
			isa = XCBuildConfiguration;
			buildSettings = {
				ASSETCATALOG_COMPILER_APPICON_NAME = AppIcon;
				ASSETCATALOG_COMPILER_GLOBAL_ACCENT_COLOR_NAME = AccentColor;
				CODE_SIGN_STYLE = Automatic;
				CURRENT_PROJECT_VERSION = 1;
				DEVELOPMENT_ASSET_PATHS = "\"vitrivr-VR/Preview Content\"";
				ENABLE_PREVIEWS = YES;
				GENERATE_INFOPLIST_FILE = YES;
				INFOPLIST_FILE = "$(TARGET_NAME)/Info.plist";
				LD_RUNPATH_SEARCH_PATHS = (
					"$(inherited)",
					"@executable_path/Frameworks",
				);
				MARKETING_VERSION = 1.0;
				PRODUCT_BUNDLE_IDENTIFIER = "com.florianspiess.vitrivr-VR";
				PRODUCT_NAME = "$(TARGET_NAME)";
				SUPPORTED_PLATFORMS = "xros xrsimulator";
				SWIFT_EMIT_LOC_STRINGS = YES;
				SWIFT_VERSION = 5.0;
				TARGETED_DEVICE_FAMILY = 7;
			};
			name = Release;
		};
		1799B8772D196C950067FC9C /* Debug */ = {
			isa = XCBuildConfiguration;
			buildSettings = {
				ALWAYS_SEARCH_USER_PATHS = NO;
				ASSETCATALOG_COMPILER_GENERATE_SWIFT_ASSET_SYMBOL_EXTENSIONS = YES;
				CLANG_ANALYZER_NONNULL = YES;
				CLANG_ANALYZER_NUMBER_OBJECT_CONVERSION = YES_AGGRESSIVE;
				CLANG_CXX_LANGUAGE_STANDARD = "gnu++20";
				CLANG_ENABLE_MODULES = YES;
				CLANG_ENABLE_OBJC_ARC = YES;
				CLANG_ENABLE_OBJC_WEAK = YES;
				CLANG_WARN_BLOCK_CAPTURE_AUTORELEASING = YES;
				CLANG_WARN_BOOL_CONVERSION = YES;
				CLANG_WARN_COMMA = YES;
				CLANG_WARN_CONSTANT_CONVERSION = YES;
				CLANG_WARN_DEPRECATED_OBJC_IMPLEMENTATIONS = YES;
				CLANG_WARN_DIRECT_OBJC_ISA_USAGE = YES_ERROR;
				CLANG_WARN_DOCUMENTATION_COMMENTS = YES;
				CLANG_WARN_EMPTY_BODY = YES;
				CLANG_WARN_ENUM_CONVERSION = YES;
				CLANG_WARN_INFINITE_RECURSION = YES;
				CLANG_WARN_INT_CONVERSION = YES;
				CLANG_WARN_NON_LITERAL_NULL_CONVERSION = YES;
				CLANG_WARN_OBJC_IMPLICIT_RETAIN_SELF = YES;
				CLANG_WARN_OBJC_LITERAL_CONVERSION = YES;
				CLANG_WARN_OBJC_ROOT_CLASS = YES_ERROR;
				CLANG_WARN_QUOTED_INCLUDE_IN_FRAMEWORK_HEADER = YES;
				CLANG_WARN_RANGE_LOOP_ANALYSIS = YES;
				CLANG_WARN_STRICT_PROTOTYPES = YES;
				CLANG_WARN_SUSPICIOUS_MOVE = YES;
				CLANG_WARN_UNGUARDED_AVAILABILITY = YES_AGGRESSIVE;
				CLANG_WARN_UNREACHABLE_CODE = YES;
				CLANG_WARN__DUPLICATE_METHOD_MATCH = YES;
				COPY_PHASE_STRIP = NO;
				DEBUG_INFORMATION_FORMAT = dwarf;
				DEVELOPMENT_TEAM = N79F84UBKR;
				ENABLE_STRICT_OBJC_MSGSEND = YES;
				ENABLE_TESTABILITY = YES;
				ENABLE_USER_SCRIPT_SANDBOXING = YES;
				GCC_C_LANGUAGE_STANDARD = gnu17;
				GCC_DYNAMIC_NO_PIC = NO;
				GCC_NO_COMMON_BLOCKS = YES;
				GCC_OPTIMIZATION_LEVEL = 0;
				GCC_PREPROCESSOR_DEFINITIONS = (
					"DEBUG=1",
					"$(inherited)",
				);
				GCC_WARN_64_TO_32_BIT_CONVERSION = YES;
				GCC_WARN_ABOUT_RETURN_TYPE = YES_ERROR;
				GCC_WARN_UNDECLARED_SELECTOR = YES;
				GCC_WARN_UNINITIALIZED_AUTOS = YES_AGGRESSIVE;
				GCC_WARN_UNUSED_FUNCTION = YES;
				GCC_WARN_UNUSED_VARIABLE = YES;
				LOCALIZATION_PREFERS_STRING_CATALOGS = YES;
				MTL_ENABLE_DEBUG_INFO = INCLUDE_SOURCE;
				MTL_FAST_MATH = YES;
				ONLY_ACTIVE_ARCH = YES;
				SDKROOT = xros;
				SWIFT_ACTIVE_COMPILATION_CONDITIONS = "DEBUG $(inherited)";
				SWIFT_OPTIMIZATION_LEVEL = "-Onone";
				XROS_DEPLOYMENT_TARGET = 2.2;
			};
			name = Debug;
		};
		1799B8782D196C950067FC9C /* Release */ = {
			isa = XCBuildConfiguration;
			buildSettings = {
				ALWAYS_SEARCH_USER_PATHS = NO;
				ASSETCATALOG_COMPILER_GENERATE_SWIFT_ASSET_SYMBOL_EXTENSIONS = YES;
				CLANG_ANALYZER_NONNULL = YES;
				CLANG_ANALYZER_NUMBER_OBJECT_CONVERSION = YES_AGGRESSIVE;
				CLANG_CXX_LANGUAGE_STANDARD = "gnu++20";
				CLANG_ENABLE_MODULES = YES;
				CLANG_ENABLE_OBJC_ARC = YES;
				CLANG_ENABLE_OBJC_WEAK = YES;
				CLANG_WARN_BLOCK_CAPTURE_AUTORELEASING = YES;
				CLANG_WARN_BOOL_CONVERSION = YES;
				CLANG_WARN_COMMA = YES;
				CLANG_WARN_CONSTANT_CONVERSION = YES;
				CLANG_WARN_DEPRECATED_OBJC_IMPLEMENTATIONS = YES;
				CLANG_WARN_DIRECT_OBJC_ISA_USAGE = YES_ERROR;
				CLANG_WARN_DOCUMENTATION_COMMENTS = YES;
				CLANG_WARN_EMPTY_BODY = YES;
				CLANG_WARN_ENUM_CONVERSION = YES;
				CLANG_WARN_INFINITE_RECURSION = YES;
				CLANG_WARN_INT_CONVERSION = YES;
				CLANG_WARN_NON_LITERAL_NULL_CONVERSION = YES;
				CLANG_WARN_OBJC_IMPLICIT_RETAIN_SELF = YES;
				CLANG_WARN_OBJC_LITERAL_CONVERSION = YES;
				CLANG_WARN_OBJC_ROOT_CLASS = YES_ERROR;
				CLANG_WARN_QUOTED_INCLUDE_IN_FRAMEWORK_HEADER = YES;
				CLANG_WARN_RANGE_LOOP_ANALYSIS = YES;
				CLANG_WARN_STRICT_PROTOTYPES = YES;
				CLANG_WARN_SUSPICIOUS_MOVE = YES;
				CLANG_WARN_UNGUARDED_AVAILABILITY = YES_AGGRESSIVE;
				CLANG_WARN_UNREACHABLE_CODE = YES;
				CLANG_WARN__DUPLICATE_METHOD_MATCH = YES;
				COPY_PHASE_STRIP = NO;
				DEBUG_INFORMATION_FORMAT = "dwarf-with-dsym";
				DEVELOPMENT_TEAM = N79F84UBKR;
				ENABLE_NS_ASSERTIONS = NO;
				ENABLE_STRICT_OBJC_MSGSEND = YES;
				ENABLE_USER_SCRIPT_SANDBOXING = YES;
				GCC_C_LANGUAGE_STANDARD = gnu17;
				GCC_NO_COMMON_BLOCKS = YES;
				GCC_WARN_64_TO_32_BIT_CONVERSION = YES;
				GCC_WARN_ABOUT_RETURN_TYPE = YES_ERROR;
				GCC_WARN_UNDECLARED_SELECTOR = YES;
				GCC_WARN_UNINITIALIZED_AUTOS = YES_AGGRESSIVE;
				GCC_WARN_UNUSED_FUNCTION = YES;
				GCC_WARN_UNUSED_VARIABLE = YES;
				LOCALIZATION_PREFERS_STRING_CATALOGS = YES;
				MTL_ENABLE_DEBUG_INFO = NO;
				MTL_FAST_MATH = YES;
				SDKROOT = xros;
				SWIFT_COMPILATION_MODE = wholemodule;
				VALIDATE_PRODUCT = YES;
				XROS_DEPLOYMENT_TARGET = 2.2;
			};
			name = Release;
		};
		1799B87A2D196C950067FC9C /* Debug */ = {
			isa = XCBuildConfiguration;
			buildSettings = {
				BUNDLE_LOADER = "$(TEST_HOST)";
				CODE_SIGN_STYLE = Automatic;
				CURRENT_PROJECT_VERSION = 1;
				GENERATE_INFOPLIST_FILE = YES;
				MARKETING_VERSION = 1.0;
				PRODUCT_BUNDLE_IDENTIFIER = "com.florianspiess.vitrivr-VRTests";
				PRODUCT_NAME = "$(TARGET_NAME)";
				SUPPORTED_PLATFORMS = "xros xrsimulator";
				SWIFT_EMIT_LOC_STRINGS = NO;
				SWIFT_VERSION = 5.0;
				TARGETED_DEVICE_FAMILY = 7;
				TEST_HOST = "$(BUILT_PRODUCTS_DIR)/vitrivr-VR.app/$(BUNDLE_EXECUTABLE_FOLDER_PATH)/vitrivr-VR";
				XROS_DEPLOYMENT_TARGET = 2.2;
			};
			name = Debug;
		};
		1799B87B2D196C950067FC9C /* Release */ = {
			isa = XCBuildConfiguration;
			buildSettings = {
				BUNDLE_LOADER = "$(TEST_HOST)";
				CODE_SIGN_STYLE = Automatic;
				CURRENT_PROJECT_VERSION = 1;
				GENERATE_INFOPLIST_FILE = YES;
				MARKETING_VERSION = 1.0;
				PRODUCT_BUNDLE_IDENTIFIER = "com.florianspiess.vitrivr-VRTests";
				PRODUCT_NAME = "$(TARGET_NAME)";
				SUPPORTED_PLATFORMS = "xros xrsimulator";
				SWIFT_EMIT_LOC_STRINGS = NO;
				SWIFT_VERSION = 5.0;
				TARGETED_DEVICE_FAMILY = 7;
				TEST_HOST = "$(BUILT_PRODUCTS_DIR)/vitrivr-VR.app/$(BUNDLE_EXECUTABLE_FOLDER_PATH)/vitrivr-VR";
				XROS_DEPLOYMENT_TARGET = 2.2;
			};
			name = Release;
		};
/* End XCBuildConfiguration section */

/* Begin XCConfigurationList section */
		1799B8532D196C8F0067FC9C /* Build configuration list for PBXProject "vitrivr-VR" */ = {
			isa = XCConfigurationList;
			buildConfigurations = (
				1799B8772D196C950067FC9C /* Debug */,
				1799B8782D196C950067FC9C /* Release */,
			);
			defaultConfigurationIsVisible = 0;
			defaultConfigurationName = Release;
		};
		1799B8742D196C950067FC9C /* Build configuration list for PBXNativeTarget "vitrivr-VR" */ = {
			isa = XCConfigurationList;
			buildConfigurations = (
				1799B8752D196C950067FC9C /* Debug */,
				1799B8762D196C950067FC9C /* Release */,
			);
			defaultConfigurationIsVisible = 0;
			defaultConfigurationName = Release;
		};
		1799B8792D196C950067FC9C /* Build configuration list for PBXNativeTarget "vitrivr-VRTests" */ = {
			isa = XCConfigurationList;
			buildConfigurations = (
				1799B87A2D196C950067FC9C /* Debug */,
				1799B87B2D196C950067FC9C /* Release */,
			);
			defaultConfigurationIsVisible = 0;
			defaultConfigurationName = Release;
		};
/* End XCConfigurationList section */

/* Begin XCRemoteSwiftPackageReference section */
		175A3BBF2D2003DB00384527 /* XCRemoteSwiftPackageReference "dres-swift-client" */ = {
			isa = XCRemoteSwiftPackageReference;
			repositoryURL = "https://github.com/Spiess/dres-swift-client";
			requirement = {
				kind = upToNextMajorVersion;
				minimumVersion = 1.0.0;
			};
		};
		1799B87C2D196E420067FC9C /* XCRemoteSwiftPackageReference "ferelight-swift-client" */ = {
			isa = XCRemoteSwiftPackageReference;
			repositoryURL = "https://github.com/Spiess/ferelight-swift-client";
			requirement = {
				kind = upToNextMajorVersion;
				minimumVersion = 1.0.2;
			};
		};
/* End XCRemoteSwiftPackageReference section */

/* Begin XCSwiftPackageProductDependency section */
		175A3BC02D2003DB00384527 /* DresSwiftClient */ = {
			isa = XCSwiftPackageProductDependency;
			package = 175A3BBF2D2003DB00384527 /* XCRemoteSwiftPackageReference "dres-swift-client" */;
			productName = DresSwiftClient;
		};
		1799B85D2D196C8F0067FC9C /* RealityKitContent */ = {
			isa = XCSwiftPackageProductDependency;
			productName = RealityKitContent;
		};
		1799B87D2D196E420067FC9C /* FereLightSwiftClient */ = {
			isa = XCSwiftPackageProductDependency;
			package = 1799B87C2D196E420067FC9C /* XCRemoteSwiftPackageReference "ferelight-swift-client" */;
			productName = FereLightSwiftClient;
		};
/* End XCSwiftPackageProductDependency section */
	};
	rootObject = 1799B8502D196C8F0067FC9C /* Project object */;
}
